
Microsoft Visual Studio Solution File, Format Version 12.00
# Visual Studio Version 17
VisualStudioVersion = 17.8.34309.116
MinimumVisualStudioVersion = 10.0.40219.1
Project("{FAE04EC0-301F-11D3-BF4B-00C04F79EFBC}") = "WindowsFormsApp1", "WindowsFormsApp1.csproj", "{73880967-C438-4A74-B12B-8FC409867979}"
EndProject
Global
	GlobalSection(SolutionConfigurationPlatforms) = preSolution
		Debug|Any CPU = Debug|Any CPU
		Release|Any CPU = Release|Any CPU
	EndGlobalSection
	GlobalSection(ProjectConfigurationPlatforms) = postSolution
		{73880967-C438-4A74-B12B-8FC409867979}.Debug|Any CPU.ActiveCfg = Debug|Any CPU
		{73880967-C438-4A74-B12B-8FC409867979}.Debug|Any CPU.Build.0 = Debug|Any CPU
		{73880967-C438-4A74-B12B-8FC409867979}.Release|Any CPU.ActiveCfg = Release|Any CPU
		{73880967-C438-4A74-B12B-8FC409867979}.Release|Any CPU.Build.0 = Release|Any CPU
	EndGlobalSection
	GlobalSection(SolutionProperties) = preSolution
		HideSolutionNode = FALSE
	EndGlobalSection
	GlobalSection(ExtensibilityGlobals) = postSolution
		SolutionGuid = {1E7B01C8-1A25-4180-92B6-F4939E5B8F67}
	EndGlobalSection
EndGlobal
